
Microsoft Visual Studio Solution File, Format Version 12.00
# Visual Studio Version 17
VisualStudioVersion = 17.0.32112.339
MinimumVisualStudioVersion = 10.0.40219.1
Project("{2150E333-8FDC-42A3-9474-1A3956D46DE8}") = "src", "src", "{8C8D73A6-B2DF-4B86-977A-02FB8FC97C10}"
EndProject
Project("{2150E333-8FDC-42A3-9474-1A3956D46DE8}") = "test", "test", "{EED055D3-12B1-4587-B34F-FD54CB8ABB16}"
EndProject
Project("{9A19103F-16F7-4668-BE54-9A1E7A4F7556}") = "SquawkBus.Messages", "src\SquawkBus.Messages\SquawkBus.Messages.csproj", "{E12C7A42-8DA8-4744-8E91-38EB6622F2AA}"
EndProject
Project("{9A19103F-16F7-4668-BE54-9A1E7A4F7556}") = "SquawkBus.Messages.Test", "test\SquawkBus.Messages.Test\SquawkBus.Messages.Test.csproj", "{6DC3BD9C-0DAD-48E3-8FA5-7B5C12798119}"
EndProject
Project("{9A19103F-16F7-4668-BE54-9A1E7A4F7556}") = "SquawkBus.Distributor", "src\SquawkBus.Distributor\SquawkBus.Distributor.csproj", "{8607CA25-FD6D-41E2-B2B6-E19345B6E57F}"
EndProject
Project("{9A19103F-16F7-4668-BE54-9A1E7A4F7556}") = "SquawkBus.Authentication", "src\SquawkBus.Authentication\SquawkBus.Authentication.csproj", "{8214B91B-2511-4416-944F-3235DEE53F88}"
EndProject
Project("{9A19103F-16F7-4668-BE54-9A1E7A4F7556}") = "SquawkBus.Adapters", "src\SquawkBus.Adapters\SquawkBus.Adapters.csproj", "{D30740E7-4591-4E19-B40D-CA0FD95AEB36}"
EndProject
Project("{2150E333-8FDC-42A3-9474-1A3956D46DE8}") = "demos", "demos", "{F42DF468-1FB7-47A7-B49A-F5F31C91EDDF}"
EndProject
Project("{2150E333-8FDC-42A3-9474-1A3956D46DE8}") = "simple", "simple", "{23E8C646-CB59-4BE1-A0B1-301F51F27E64}"
EndProject
Project("{9A19103F-16F7-4668-BE54-9A1E7A4F7556}") = "Subscriber", "demos\simple\Subscriber\Subscriber.csproj", "{90D03DEE-85C6-4750-8D50-8B619C4DA273}"
EndProject
Project("{9A19103F-16F7-4668-BE54-9A1E7A4F7556}") = "Publisher", "demos\simple\Publisher\Publisher.csproj", "{13B7314C-A32B-44C0-9225-D1DBCDB05880}"
EndProject
Project("{9A19103F-16F7-4668-BE54-9A1E7A4F7556}") = "Notifier", "demos\simple\Notifier\Notifier.csproj", "{7742C765-6252-4AA0-9213-2B159614F915}"
EndProject
Project("{2150E333-8FDC-42A3-9474-1A3956D46DE8}") = "selectfeed", "selectfeed", "{C999CB87-F919-4FA9-B5CD-0ABD1D7C2DFB}"
EndProject
Project("{9A19103F-16F7-4668-BE54-9A1E7A4F7556}") = "SelectFeedPublisher", "demos\selectfeed\SelectFeedPublisher\SelectFeedPublisher.csproj", "{81BFB31A-57A0-4ED3-8A06-F214801C4819}"
EndProject
Project("{2150E333-8FDC-42A3-9474-1A3956D46DE8}") = "authorization", "authorization", "{5EA08E56-F0B6-4E92-A309-0E291E741E8D}"
EndProject
Project("{9A19103F-16F7-4668-BE54-9A1E7A4F7556}") = "Authorizer", "demos\authorization\Authorizer\Authorizer.csproj", "{3E3421A4-4CE8-434E-A712-E40C7339634C}"
EndProject
Project("{9A19103F-16F7-4668-BE54-9A1E7A4F7556}") = "Common", "demos\authorization\Common\Common.csproj", "{76E5C96D-5F9C-4DE0-B033-A0404A9BAFBF}"
EndProject
Project("{9A19103F-16F7-4668-BE54-9A1E7A4F7556}") = "Notifier", "demos\authorization\Notifier\Notifier.csproj", "{FDA190AF-0B7C-48C0-8AED-41F9657682F2}"
EndProject
Project("{9A19103F-16F7-4668-BE54-9A1E7A4F7556}") = "Publisher", "demos\authorization\Publisher\Publisher.csproj", "{4AA1DDC2-448F-4672-B2C2-C1BB689E2DAA}"
EndProject
Project("{9A19103F-16F7-4668-BE54-9A1E7A4F7556}") = "Subscriber", "demos\authorization\Subscriber\Subscriber.csproj", "{4929939A-33AE-40F6-A5B7-6BD3C1CBC275}"
EndProject
Project("{2150E333-8FDC-42A3-9474-1A3956D46DE8}") = "extensions", "extensions", "{A03D4D00-7BB7-4FD9-AE68-FD282ED2EA17}"
EndProject
Project("{9A19103F-16F7-4668-BE54-9A1E7A4F7556}") = "SquawkBus.Extensions.JwtAuthentication", "extensions\src\SquawkBus.Extensions.JwtAuthentication\SquawkBus.Extensions.JwtAuthentication.csproj", "{04E58103-8527-4D9F-8E66-CA03CD1919D2}"
EndProject
Project("{2150E333-8FDC-42A3-9474-1A3956D46DE8}") = "src", "src", "{4C990F9D-B9DC-43A9-BC5C-FA731FD1C3C0}"
EndProject
Project("{2150E333-8FDC-42A3-9474-1A3956D46DE8}") = "test", "test", "{4B382A96-4A24-4AB1-B8D1-1BFAA48A62AA}"
EndProject
Project("{9A19103F-16F7-4668-BE54-9A1E7A4F7556}") = "SquawkBus.Extensions.JwtAuthentication.Test", "extensions\test\SquawkBus.Extensions.JwtAuthentication.Test\SquawkBus.Extensions.JwtAuthentication.Test.csproj", "{2FFF9FDE-88A5-4DAD-999A-F0F44F600096}"
EndProject
Project("{9A19103F-16F7-4668-BE54-9A1E7A4F7556}") = "SquawkBus.Extensions.LdapAuthentication", "extensions\src\SquawkBus.Extensions.LdapAuthentication\SquawkBus.Extensions.LdapAuthentication.csproj", "{FB73E13C-9326-4B46-AFA5-5930D719B1DC}"
EndProject
Project("{9A19103F-16F7-4668-BE54-9A1E7A4F7556}") = "SquawkBus.Extensions.PasswordFileAuthentication", "extensions\src\SquawkBus.Extensions.PasswordFileAuthentication\SquawkBus.Extensions.PasswordFileAuthentication.csproj", "{4C92DBFC-A2B8-4FBA-B194-FACABD87ED63}"
EndProject
Project("{9A19103F-16F7-4668-BE54-9A1E7A4F7556}") = "SquawkBus.Extensions.PasswordFileAuthentication.Test", "extensions\test\SquawkBus.Extensions.PasswordFileAuthentication.Test\SquawkBus.Extensions.PasswordFileAuthentication.Test.csproj", "{1159DD34-45D8-4FA0-8701-7205B3DE2DAA}"
EndProject
Project("{2150E333-8FDC-42A3-9474-1A3956D46DE8}") = "utilities", "utilities", "{4663EB30-30FA-4F68-B951-470C027AF528}"
EndProject
Project("{2150E333-8FDC-42A3-9474-1A3956D46DE8}") = "src", "src", "{0458682B-7202-402D-8D73-55F5D4CE57CC}"
EndProject
Project("{9A19103F-16F7-4668-BE54-9A1E7A4F7556}") = "MakePassword", "utilities\src\MakePassword\MakePassword.csproj", "{2AFF967E-7B31-4476-8FA5-FF32A2717B7C}"
EndProject
Project("{2150E333-8FDC-42A3-9474-1A3956D46DE8}") = "Solution Items", "Solution Items", "{2F790AA1-EAE0-4817-BE09-D6B3AA29CD7E}"
	ProjectSection(SolutionItems) = preProject
		LICENSE.txt = LICENSE.txt
		README.md = README.md
	EndProjectSection
EndProject
Project("{2150E333-8FDC-42A3-9474-1A3956D46DE8}") = "documents", "documents", "{FAED8CA1-9944-43F3-87EE-3F514EC38813}"
	ProjectSection(SolutionItems) = preProject
		documents\.gitignore = documents\.gitignore
		documents\docfx.json = documents\docfx.json
		documents\index.md = documents\index.md
		documents\toc.yml = documents\toc.yml
	EndProjectSection
EndProject
Project("{2150E333-8FDC-42A3-9474-1A3956D46DE8}") = "api", "api", "{4BA25AC1-5840-47ED-B2CB-215720501748}"
	ProjectSection(SolutionItems) = preProject
		documents\api\.gitignore = documents\api\.gitignore
		documents\api\index.md = documents\api\index.md
	EndProjectSection
EndProject
Project("{2150E333-8FDC-42A3-9474-1A3956D46DE8}") = "articles", "articles", "{BC52FBDD-48BB-4D9D-850E-362A2391A19C}"
	ProjectSection(SolutionItems) = preProject
		documents\articles\authentication.md = documents\articles\authentication.md
		documents\articles\authorization.md = documents\articles\authorization.md
		documents\articles\configuration.md = documents\articles\configuration.md
		documents\articles\getting-started-windows.md = documents\articles\getting-started-windows.md
		documents\articles\installation-windows.md = documents\articles\installation-windows.md
		documents\articles\intro.md = documents\articles\intro.md
		documents\articles\selectfeed.md = documents\articles\selectfeed.md
		documents\articles\ssl-linux.md = documents\articles\ssl-linux.md
		documents\articles\ssl-windows-certs.md = documents\articles\ssl-windows-certs.md
		documents\articles\ssl-windows.md = documents\articles\ssl-windows.md
		documents\articles\toc.yml = documents\articles\toc.yml
	EndProjectSection
EndProject
Global
	GlobalSection(SolutionConfigurationPlatforms) = preSolution
		Debug|Any CPU = Debug|Any CPU
		Release|Any CPU = Release|Any CPU
	EndGlobalSection
	GlobalSection(ProjectConfigurationPlatforms) = postSolution
		{E12C7A42-8DA8-4744-8E91-38EB6622F2AA}.Debug|Any CPU.ActiveCfg = Debug|Any CPU
		{E12C7A42-8DA8-4744-8E91-38EB6622F2AA}.Debug|Any CPU.Build.0 = Debug|Any CPU
		{E12C7A42-8DA8-4744-8E91-38EB6622F2AA}.Release|Any CPU.ActiveCfg = Release|Any CPU
		{E12C7A42-8DA8-4744-8E91-38EB6622F2AA}.Release|Any CPU.Build.0 = Release|Any CPU
		{6DC3BD9C-0DAD-48E3-8FA5-7B5C12798119}.Debug|Any CPU.ActiveCfg = Debug|Any CPU
		{6DC3BD9C-0DAD-48E3-8FA5-7B5C12798119}.Debug|Any CPU.Build.0 = Debug|Any CPU
		{6DC3BD9C-0DAD-48E3-8FA5-7B5C12798119}.Release|Any CPU.ActiveCfg = Release|Any CPU
		{6DC3BD9C-0DAD-48E3-8FA5-7B5C12798119}.Release|Any CPU.Build.0 = Release|Any CPU
		{8607CA25-FD6D-41E2-B2B6-E19345B6E57F}.Debug|Any CPU.ActiveCfg = Debug|Any CPU
		{8607CA25-FD6D-41E2-B2B6-E19345B6E57F}.Debug|Any CPU.Build.0 = Debug|Any CPU
		{8607CA25-FD6D-41E2-B2B6-E19345B6E57F}.Release|Any CPU.ActiveCfg = Release|Any CPU
		{8607CA25-FD6D-41E2-B2B6-E19345B6E57F}.Release|Any CPU.Build.0 = Release|Any CPU
		{8214B91B-2511-4416-944F-3235DEE53F88}.Debug|Any CPU.ActiveCfg = Debug|Any CPU
		{8214B91B-2511-4416-944F-3235DEE53F88}.Debug|Any CPU.Build.0 = Debug|Any CPU
		{8214B91B-2511-4416-944F-3235DEE53F88}.Release|Any CPU.ActiveCfg = Release|Any CPU
		{8214B91B-2511-4416-944F-3235DEE53F88}.Release|Any CPU.Build.0 = Release|Any CPU
		{D30740E7-4591-4E19-B40D-CA0FD95AEB36}.Debug|Any CPU.ActiveCfg = Debug|Any CPU
		{D30740E7-4591-4E19-B40D-CA0FD95AEB36}.Debug|Any CPU.Build.0 = Debug|Any CPU
		{D30740E7-4591-4E19-B40D-CA0FD95AEB36}.Release|Any CPU.ActiveCfg = Release|Any CPU
		{D30740E7-4591-4E19-B40D-CA0FD95AEB36}.Release|Any CPU.Build.0 = Release|Any CPU
		{90D03DEE-85C6-4750-8D50-8B619C4DA273}.Debug|Any CPU.ActiveCfg = Debug|Any CPU
		{90D03DEE-85C6-4750-8D50-8B619C4DA273}.Debug|Any CPU.Build.0 = Debug|Any CPU
		{90D03DEE-85C6-4750-8D50-8B619C4DA273}.Release|Any CPU.ActiveCfg = Release|Any CPU
		{90D03DEE-85C6-4750-8D50-8B619C4DA273}.Release|Any CPU.Build.0 = Release|Any CPU
		{13B7314C-A32B-44C0-9225-D1DBCDB05880}.Debug|Any CPU.ActiveCfg = Debug|Any CPU
		{13B7314C-A32B-44C0-9225-D1DBCDB05880}.Debug|Any CPU.Build.0 = Debug|Any CPU
		{13B7314C-A32B-44C0-9225-D1DBCDB05880}.Release|Any CPU.ActiveCfg = Release|Any CPU
		{13B7314C-A32B-44C0-9225-D1DBCDB05880}.Release|Any CPU.Build.0 = Release|Any CPU
		{7742C765-6252-4AA0-9213-2B159614F915}.Debug|Any CPU.ActiveCfg = Debug|Any CPU
		{7742C765-6252-4AA0-9213-2B159614F915}.Debug|Any CPU.Build.0 = Debug|Any CPU
		{7742C765-6252-4AA0-9213-2B159614F915}.Release|Any CPU.ActiveCfg = Release|Any CPU
		{7742C765-6252-4AA0-9213-2B159614F915}.Release|Any CPU.Build.0 = Release|Any CPU
		{81BFB31A-57A0-4ED3-8A06-F214801C4819}.Debug|Any CPU.ActiveCfg = Debug|Any CPU
		{81BFB31A-57A0-4ED3-8A06-F214801C4819}.Debug|Any CPU.Build.0 = Debug|Any CPU
		{81BFB31A-57A0-4ED3-8A06-F214801C4819}.Release|Any CPU.ActiveCfg = Release|Any CPU
		{81BFB31A-57A0-4ED3-8A06-F214801C4819}.Release|Any CPU.Build.0 = Release|Any CPU
		{3E3421A4-4CE8-434E-A712-E40C7339634C}.Debug|Any CPU.ActiveCfg = Debug|Any CPU
		{3E3421A4-4CE8-434E-A712-E40C7339634C}.Debug|Any CPU.Build.0 = Debug|Any CPU
		{3E3421A4-4CE8-434E-A712-E40C7339634C}.Release|Any CPU.ActiveCfg = Release|Any CPU
		{3E3421A4-4CE8-434E-A712-E40C7339634C}.Release|Any CPU.Build.0 = Release|Any CPU
		{76E5C96D-5F9C-4DE0-B033-A0404A9BAFBF}.Debug|Any CPU.ActiveCfg = Debug|Any CPU
		{76E5C96D-5F9C-4DE0-B033-A0404A9BAFBF}.Debug|Any CPU.Build.0 = Debug|Any CPU
		{76E5C96D-5F9C-4DE0-B033-A0404A9BAFBF}.Release|Any CPU.ActiveCfg = Release|Any CPU
		{76E5C96D-5F9C-4DE0-B033-A0404A9BAFBF}.Release|Any CPU.Build.0 = Release|Any CPU
		{FDA190AF-0B7C-48C0-8AED-41F9657682F2}.Debug|Any CPU.ActiveCfg = Debug|Any CPU
		{FDA190AF-0B7C-48C0-8AED-41F9657682F2}.Debug|Any CPU.Build.0 = Debug|Any CPU
		{FDA190AF-0B7C-48C0-8AED-41F9657682F2}.Release|Any CPU.ActiveCfg = Release|Any CPU
		{FDA190AF-0B7C-48C0-8AED-41F9657682F2}.Release|Any CPU.Build.0 = Release|Any CPU
		{4AA1DDC2-448F-4672-B2C2-C1BB689E2DAA}.Debug|Any CPU.ActiveCfg = Debug|Any CPU
		{4AA1DDC2-448F-4672-B2C2-C1BB689E2DAA}.Debug|Any CPU.Build.0 = Debug|Any CPU
		{4AA1DDC2-448F-4672-B2C2-C1BB689E2DAA}.Release|Any CPU.ActiveCfg = Release|Any CPU
		{4AA1DDC2-448F-4672-B2C2-C1BB689E2DAA}.Release|Any CPU.Build.0 = Release|Any CPU
		{4929939A-33AE-40F6-A5B7-6BD3C1CBC275}.Debug|Any CPU.ActiveCfg = Debug|Any CPU
		{4929939A-33AE-40F6-A5B7-6BD3C1CBC275}.Debug|Any CPU.Build.0 = Debug|Any CPU
		{4929939A-33AE-40F6-A5B7-6BD3C1CBC275}.Release|Any CPU.ActiveCfg = Release|Any CPU
		{4929939A-33AE-40F6-A5B7-6BD3C1CBC275}.Release|Any CPU.Build.0 = Release|Any CPU
		{04E58103-8527-4D9F-8E66-CA03CD1919D2}.Debug|Any CPU.ActiveCfg = Debug|Any CPU
		{04E58103-8527-4D9F-8E66-CA03CD1919D2}.Debug|Any CPU.Build.0 = Debug|Any CPU
		{04E58103-8527-4D9F-8E66-CA03CD1919D2}.Release|Any CPU.ActiveCfg = Release|Any CPU
		{04E58103-8527-4D9F-8E66-CA03CD1919D2}.Release|Any CPU.Build.0 = Release|Any CPU
		{2FFF9FDE-88A5-4DAD-999A-F0F44F600096}.Debug|Any CPU.ActiveCfg = Debug|Any CPU
		{2FFF9FDE-88A5-4DAD-999A-F0F44F600096}.Debug|Any CPU.Build.0 = Debug|Any CPU
		{2FFF9FDE-88A5-4DAD-999A-F0F44F600096}.Release|Any CPU.ActiveCfg = Release|Any CPU
		{2FFF9FDE-88A5-4DAD-999A-F0F44F600096}.Release|Any CPU.Build.0 = Release|Any CPU
		{FB73E13C-9326-4B46-AFA5-5930D719B1DC}.Debug|Any CPU.ActiveCfg = Debug|Any CPU
		{FB73E13C-9326-4B46-AFA5-5930D719B1DC}.Debug|Any CPU.Build.0 = Debug|Any CPU
		{FB73E13C-9326-4B46-AFA5-5930D719B1DC}.Release|Any CPU.ActiveCfg = Release|Any CPU
		{FB73E13C-9326-4B46-AFA5-5930D719B1DC}.Release|Any CPU.Build.0 = Release|Any CPU
		{4C92DBFC-A2B8-4FBA-B194-FACABD87ED63}.Debug|Any CPU.ActiveCfg = Debug|Any CPU
		{4C92DBFC-A2B8-4FBA-B194-FACABD87ED63}.Debug|Any CPU.Build.0 = Debug|Any CPU
		{4C92DBFC-A2B8-4FBA-B194-FACABD87ED63}.Release|Any CPU.ActiveCfg = Release|Any CPU
		{4C92DBFC-A2B8-4FBA-B194-FACABD87ED63}.Release|Any CPU.Build.0 = Release|Any CPU
		{1159DD34-45D8-4FA0-8701-7205B3DE2DAA}.Debug|Any CPU.ActiveCfg = Debug|Any CPU
		{1159DD34-45D8-4FA0-8701-7205B3DE2DAA}.Debug|Any CPU.Build.0 = Debug|Any CPU
		{1159DD34-45D8-4FA0-8701-7205B3DE2DAA}.Release|Any CPU.ActiveCfg = Release|Any CPU
		{1159DD34-45D8-4FA0-8701-7205B3DE2DAA}.Release|Any CPU.Build.0 = Release|Any CPU
		{2AFF967E-7B31-4476-8FA5-FF32A2717B7C}.Debug|Any CPU.ActiveCfg = Debug|Any CPU
		{2AFF967E-7B31-4476-8FA5-FF32A2717B7C}.Debug|Any CPU.Build.0 = Debug|Any CPU
		{2AFF967E-7B31-4476-8FA5-FF32A2717B7C}.Release|Any CPU.ActiveCfg = Release|Any CPU
		{2AFF967E-7B31-4476-8FA5-FF32A2717B7C}.Release|Any CPU.Build.0 = Release|Any CPU
	EndGlobalSection
	GlobalSection(SolutionProperties) = preSolution
		HideSolutionNode = FALSE
	EndGlobalSection
	GlobalSection(NestedProjects) = preSolution
		{E12C7A42-8DA8-4744-8E91-38EB6622F2AA} = {8C8D73A6-B2DF-4B86-977A-02FB8FC97C10}
		{6DC3BD9C-0DAD-48E3-8FA5-7B5C12798119} = {EED055D3-12B1-4587-B34F-FD54CB8ABB16}
		{8607CA25-FD6D-41E2-B2B6-E19345B6E57F} = {8C8D73A6-B2DF-4B86-977A-02FB8FC97C10}
		{8214B91B-2511-4416-944F-3235DEE53F88} = {8C8D73A6-B2DF-4B86-977A-02FB8FC97C10}
		{D30740E7-4591-4E19-B40D-CA0FD95AEB36} = {8C8D73A6-B2DF-4B86-977A-02FB8FC97C10}
		{23E8C646-CB59-4BE1-A0B1-301F51F27E64} = {F42DF468-1FB7-47A7-B49A-F5F31C91EDDF}
		{90D03DEE-85C6-4750-8D50-8B619C4DA273} = {23E8C646-CB59-4BE1-A0B1-301F51F27E64}
		{13B7314C-A32B-44C0-9225-D1DBCDB05880} = {23E8C646-CB59-4BE1-A0B1-301F51F27E64}
		{7742C765-6252-4AA0-9213-2B159614F915} = {23E8C646-CB59-4BE1-A0B1-301F51F27E64}
		{C999CB87-F919-4FA9-B5CD-0ABD1D7C2DFB} = {F42DF468-1FB7-47A7-B49A-F5F31C91EDDF}
		{81BFB31A-57A0-4ED3-8A06-F214801C4819} = {C999CB87-F919-4FA9-B5CD-0ABD1D7C2DFB}
		{5EA08E56-F0B6-4E92-A309-0E291E741E8D} = {F42DF468-1FB7-47A7-B49A-F5F31C91EDDF}
		{3E3421A4-4CE8-434E-A712-E40C7339634C} = {5EA08E56-F0B6-4E92-A309-0E291E741E8D}
		{76E5C96D-5F9C-4DE0-B033-A0404A9BAFBF} = {5EA08E56-F0B6-4E92-A309-0E291E741E8D}
		{FDA190AF-0B7C-48C0-8AED-41F9657682F2} = {5EA08E56-F0B6-4E92-A309-0E291E741E8D}
		{4AA1DDC2-448F-4672-B2C2-C1BB689E2DAA} = {5EA08E56-F0B6-4E92-A309-0E291E741E8D}
		{4929939A-33AE-40F6-A5B7-6BD3C1CBC275} = {5EA08E56-F0B6-4E92-A309-0E291E741E8D}
		{04E58103-8527-4D9F-8E66-CA03CD1919D2} = {4C990F9D-B9DC-43A9-BC5C-FA731FD1C3C0}
		{4C990F9D-B9DC-43A9-BC5C-FA731FD1C3C0} = {A03D4D00-7BB7-4FD9-AE68-FD282ED2EA17}
		{4B382A96-4A24-4AB1-B8D1-1BFAA48A62AA} = {A03D4D00-7BB7-4FD9-AE68-FD282ED2EA17}
		{2FFF9FDE-88A5-4DAD-999A-F0F44F600096} = {4B382A96-4A24-4AB1-B8D1-1BFAA48A62AA}
		{FB73E13C-9326-4B46-AFA5-5930D719B1DC} = {4C990F9D-B9DC-43A9-BC5C-FA731FD1C3C0}
		{4C92DBFC-A2B8-4FBA-B194-FACABD87ED63} = {4C990F9D-B9DC-43A9-BC5C-FA731FD1C3C0}
		{1159DD34-45D8-4FA0-8701-7205B3DE2DAA} = {4B382A96-4A24-4AB1-B8D1-1BFAA48A62AA}
		{0458682B-7202-402D-8D73-55F5D4CE57CC} = {4663EB30-30FA-4F68-B951-470C027AF528}
		{2AFF967E-7B31-4476-8FA5-FF32A2717B7C} = {0458682B-7202-402D-8D73-55F5D4CE57CC}
		{FAED8CA1-9944-43F3-87EE-3F514EC38813} = {2F790AA1-EAE0-4817-BE09-D6B3AA29CD7E}
		{4BA25AC1-5840-47ED-B2CB-215720501748} = {FAED8CA1-9944-43F3-87EE-3F514EC38813}
		{BC52FBDD-48BB-4D9D-850E-362A2391A19C} = {FAED8CA1-9944-43F3-87EE-3F514EC38813}
	EndGlobalSection
	GlobalSection(ExtensibilityGlobals) = postSolution
		SolutionGuid = {EF56BD3F-2500-4BAE-8E34-951AD867F885}
	EndGlobalSection
EndGlobal
